<?xml version="1.0" encoding="utf-8"?>
<Project ToolsVersion="4.0" xmlns="http://schemas.microsoft.com/developer/msbuild/2003">
  <ItemGroup>
    <Filter Include="Source Files">
      <UniqueIdentifier>{4FC737F1-C7A5-4376-A066-2A32D752A2FF}</UniqueIdentifier>
      <Extensions>cpp;c;cc;cxx;c++;cppm;ixx;def;odl;idl;hpj;bat;asm;asmx</Extensions>
    </Filter>
    <Filter Include="Header Files">
      <UniqueIdentifier>{93995380-89BD-4b04-88EB-625FBE52EBFB}</UniqueIdentifier>
      <Extensions>h;hh;hpp;hxx;h++;hm;inl;inc;ipp;xsd</Extensions>
    </Filter>
    <Filter Include="Header Files\private">
      <UniqueIdentifier>{a807d652-e6e4-49af-a3a0-bb4816a12be9}</UniqueIdentifier>
    </Filter>
    <Filter Include="Source Files\private">
      <UniqueIdentifier>{b537bff7-765e-42ab-986f-bbc77467053f}</UniqueIdentifier>
    </Filter>
  </ItemGroup>
  <ItemGroup>
    <ClCompile Include="uaudio-wave-reader\private\src\WaveReader.cpp">
      <Filter>Source Files\private</Filter>
    </ClCompile>
    <ClCompile Include="uaudio-wave-reader\private\src\WaveChunkAllocator.cpp">
      <Filter>Source Files\private</Filter>
    </ClCompile>
    <ClCompile Include="uaudio-wave-reader\private\src\WaveFile.cpp">
      <Filter>Source Files\private</Filter>
    </ClCompile>
    <ClCompile Include="uaudio-wave-reader\private\src\main.cpp">
      <Filter>Source Files\private</Filter>
    </ClCompile>
  </ItemGroup>
  <ItemGroup>
    <ClInclude Include="uaudio-wave-reader\include\WaveReader.h">
      <Filter>Header Files</Filter>
    </ClInclude>
    <ClInclude Include="uaudio-wave-reader\include\UAUDIO_WAVE_READER_RESULT.h">
      <Filter>Header Files</Filter>
    </ClInclude>
    <ClInclude Include="uaudio-wave-reader\include\WaveChunkData.h">
      <Filter>Header Files</Filter>
    </ClInclude>
    <ClInclude Include="uaudio-wave-reader\include\Defines.h">
      <Filter>Header Files</Filter>
    </ClInclude>
    <ClInclude Include="uaudio-wave-reader\include\Utils.h">
      <Filter>Header Files</Filter>
    </ClInclude>
    <ClInclude Include="uaudio-wave-reader\include\WaveFile.h">
      <Filter>Header Files</Filter>
    </ClInclude>
    <ClInclude Include="uaudio-wave-reader\include\WaveChunks.h">
      <Filter>Header Files</Filter>
    </ClInclude>
    <ClInclude Include="uaudio-wave-reader\private\include\PrivateDefines.h">
      <Filter>Header Files\private</Filter>
    </ClInclude>
    <ClInclude Include="uaudio-wave-reader\private\include\WaveChunkAllocator.h">
      <Filter>Header Files\private</Filter>
    </ClInclude>
  </ItemGroup>
</Project>