<?xml version="1.0" encoding="utf-8"?>
<Project ToolsVersion="4.0" xmlns="http://schemas.microsoft.com/developer/msbuild/2003">
  <ItemGroup>
    <ClCompile Include="uaudio_wave_reader\private\src\WaveReader.cpp" />
    <ClCompile Include="uaudio_wave_reader\private\src\ChunkFilter.cpp" />
    <ClCompile Include="uaudio_wave_reader\private\src\ChunkCollection.cpp" />
    <ClCompile Include="uaudio_wave_reader\private\src\Logger.cpp" />
    <ClCompile Include="uaudio_wave_reader\private\src\ChunkHeader.cpp" />
    <ClCompile Include="uaudio_wave_reader\private\src\WaveReadSettings.cpp" />
    <ClCompile Include="uaudio_wave_reader\private\src\ConversionUtils.cpp" />
  </ItemGroup>
  <ItemGroup>
    <ClInclude Include="uaudio_wave_reader\private\include\PrivateDefines.h" />
    <ClInclude Include="uaudio_wave_reader\include\WaveReader.h" />
    <ClInclude Include="uaudio_wave_reader\include\ChunkCollection.h" />
    <ClInclude Include="uaudio_wave_reader\include\Defines.h" />
    <ClInclude Include="uaudio_wave_reader\include\UAUDIO_WAVE_READER_RESULT.h" />
    <ClInclude Include="uaudio_wave_reader\include\Utils.h" />
    <ClInclude Include="uaudio_wave_reader\include\ChunkHeader.h" />
    <ClInclude Include="uaudio_wave_reader\include\WaveChunks.h" />
    <ClInclude Include="uaudio_wave_reader\include\ChunkFilter.h" />
    <ClInclude Include="uaudio_wave_reader\private\include\Logger.h" />
    <ClInclude Include="uaudio_wave_reader\include\WaveReadSettings.h" />
    <ClInclude Include="uaudio_wave_reader\private\include\ConversionUtils.h" />
    <ClInclude Include="uaudio_wave_reader\include\uint24_t.h" />
  </ItemGroup>
</Project>